
Microsoft Visual Studio Solution File, Format Version 12.00
# Visual Studio Version 17
VisualStudioVersion = 17.3.32929.385
MinimumVisualStudioVersion = 10.0.40219.1
Project("{9A19103F-16F7-4668-BE54-9A1E7A4F7556}") = "Salvini.IoTDB.Export", "Export\Salvini.IoTDB.Export.csproj", "{CDD69307-7FFA-4F47-A17F-5E43E009C11C}"
EndProject
Global
	GlobalSection(SolutionConfigurationPlatforms) = preSolution
		Debug|Any CPU = Debug|Any CPU
		Release|Any CPU = Release|Any CPU
	EndGlobalSection
	GlobalSection(ProjectConfigurationPlatforms) = postSolution
		{CDD69307-7FFA-4F47-A17F-5E43E009C11C}.Debug|Any CPU.ActiveCfg = Debug|Any CPU
		{CDD69307-7FFA-4F47-A17F-5E43E009C11C}.Debug|Any CPU.Build.0 = Debug|Any CPU
		{CDD69307-7FFA-4F47-A17F-5E43E009C11C}.Release|Any CPU.ActiveCfg = Release|Any CPU
		{CDD69307-7FFA-4F47-A17F-5E43E009C11C}.Release|Any CPU.Build.0 = Release|Any CPU
	EndGlobalSection
	GlobalSection(SolutionProperties) = preSolution
		HideSolutionNode = FALSE
	EndGlobalSection
	GlobalSection(ExtensibilityGlobals) = postSolution
		SolutionGuid = {B81D7B0C-E456-4506-9CA2-28084F420367}
	EndGlobalSection
EndGlobal
